
Microsoft Visual Studio Solution File, Format Version 12.00
# Visual Studio 15
VisualStudioVersion = 15.0.28307.136
MinimumVisualStudioVersion = 10.0.40219.1
Project("{FAE04EC0-301F-11D3-BF4B-00C04F79EFBC}") = "DotNetAGram", "DotNetAGram\DotNetAGram.csproj", "{6231FE47-E8C0-4D7D-8B0F-159A24D8E854}"
EndProject
Global
	GlobalSection(SolutionConfigurationPlatforms) = preSolution
		Debug|Any CPU = Debug|Any CPU
		Release|Any CPU = Release|Any CPU
	EndGlobalSection
	GlobalSection(ProjectConfigurationPlatforms) = postSolution
		{6231FE47-E8C0-4D7D-8B0F-159A24D8E854}.Debug|Any CPU.ActiveCfg = Debug|Any CPU
		{6231FE47-E8C0-4D7D-8B0F-159A24D8E854}.Debug|Any CPU.Build.0 = Debug|Any CPU
		{6231FE47-E8C0-4D7D-8B0F-159A24D8E854}.Release|Any CPU.ActiveCfg = Release|Any CPU
		{6231FE47-E8C0-4D7D-8B0F-159A24D8E854}.Release|Any CPU.Build.0 = Release|Any CPU
	EndGlobalSection
	GlobalSection(SolutionProperties) = preSolution
		HideSolutionNode = FALSE
	EndGlobalSection
	GlobalSection(ExtensibilityGlobals) = postSolution
		SolutionGuid = {6E0E00E7-DCEF-45F9-945D-E8A0562FA85D}
	EndGlobalSection
EndGlobal
